// !$*UTF8*$!
{
	archiveVersion = 1;
	classes = {
	};
	objectVersion = 50;
	objects = {

/* Begin PBXBuildFile section */
		B95B19B62638EEA900EE6572 /* AppDelegate.m in Sources */ = {isa = PBXBuildFile; fileRef = B95B19B52638EEA900EE6572 /* AppDelegate.m */; };
		B95B19B92638EEA900EE6572 /* SceneDelegate.m in Sources */ = {isa = PBXBuildFile; fileRef = B95B19B82638EEA900EE6572 /* SceneDelegate.m */; };
		B95B19BC2638EEA900EE6572 /* ViewController.m in Sources */ = {isa = PBXBuildFile; fileRef = B95B19BB2638EEA900EE6572 /* ViewController.m */; };
		B95B19BF2638EEA900EE6572 /* Main.storyboard in Resources */ = {isa = PBXBuildFile; fileRef = B95B19BD2638EEA900EE6572 /* Main.storyboard */; };
		B95B19C12638EEAB00EE6572 /* Assets.xcassets in Resources */ = {isa = PBXBuildFile; fileRef = B95B19C02638EEAB00EE6572 /* Assets.xcassets */; };
		B95B19C42638EEAB00EE6572 /* LaunchScreen.storyboard in Resources */ = {isa = PBXBuildFile; fileRef = B95B19C22638EEAB00EE6572 /* LaunchScreen.storyboard */; };
		B95B19C72638EEAB00EE6572 /* main.m in Sources */ = {isa = PBXBuildFile; fileRef = B95B19C62638EEAB00EE6572 /* main.m */; };
/* End PBXBuildFile section */

/* Begin PBXFileReference section */
		B95B19B12638EEA900EE6572 /* 内存管理.app */ = {isa = PBXFileReference; explicitFileType = wrapper.application; includeInIndex = 0; path = "内存管理.app"; sourceTree = BUILT_PRODUCTS_DIR; };
		B95B19B42638EEA900EE6572 /* AppDelegate.h */ = {isa = PBXFileReference; lastKnownFileType = sourcecode.c.h; path = AppDelegate.h; sourceTree = "<group>"; };
		B95B19B52638EEA900EE6572 /* AppDelegate.m */ = {isa = PBXFileReference; lastKnownFileType = sourcecode.c.objc; path = AppDelegate.m; sourceTree = "<group>"; };
		B95B19B72638EEA900EE6572 /* SceneDelegate.h */ = {isa = PBXFileReference; lastKnownFileType = sourcecode.c.h; path = SceneDelegate.h; sourceTree = "<group>"; };
		B95B19B82638EEA900EE6572 /* SceneDelegate.m */ = {isa = PBXFileReference; lastKnownFileType = sourcecode.c.objc; path = SceneDelegate.m; sourceTree = "<group>"; };
		B95B19BA2638EEA900EE6572 /* ViewController.h */ = {isa = PBXFileReference; lastKnownFileType = sourcecode.c.h; path = ViewController.h; sourceTree = "<group>"; };
		B95B19BB2638EEA900EE6572 /* ViewController.m */ = {isa = PBXFileReference; lastKnownFileType = sourcecode.c.objc; path = ViewController.m; sourceTree = "<group>"; };
		B95B19BE2638EEA900EE6572 /* Base */ = {isa = PBXFileReference; lastKnownFileType = file.storyboard; name = Base; path = Base.lproj/Main.storyboard; sourceTree = "<group>"; };
		B95B19C02638EEAB00EE6572 /* Assets.xcassets */ = {isa = PBXFileReference; lastKnownFileType = folder.assetcatalog; path = Assets.xcassets; sourceTree = "<group>"; };
		B95B19C32638EEAB00EE6572 /* Base */ = {isa = PBXFileReference; lastKnownFileType = file.storyboard; name = Base; path = Base.lproj/LaunchScreen.storyboard; sourceTree = "<group>"; };
		B95B19C52638EEAB00EE6572 /* Info.plist */ = {isa = PBXFileReference; lastKnownFileType = text.plist.xml; path = Info.plist; sourceTree = "<group>"; };
		B95B19C62638EEAB00EE6572 /* main.m */ = {isa = PBXFileReference; lastKnownFileType = sourcecode.c.objc; path = main.m; sourceTree = "<group>"; };
/* End PBXFileReference section */

/* Begin PBXFrameworksBuildPhase section */
		B95B19AE2638EEA900EE6572 /* Frameworks */ = {
			isa = PBXFrameworksBuildPhase;
			buildActionMask = 2147483647;
			files = (
			);
			runOnlyForDeploymentPostprocessing = 0;
		};
/* End PBXFrameworksBuildPhase section */

/* Begin PBXGroup section */
		B95B19A82638EEA900EE6572 = {
			isa = PBXGroup;
			children = (
				B95B19B32638EEA900EE6572 /* 内存管理 */,
				B95B19B22638EEA900EE6572 /* Products */,
			);
			sourceTree = "<group>";
		};
		B95B19B22638EEA900EE6572 /* Products */ = {
			isa = PBXGroup;
			children = (
				B95B19B12638EEA900EE6572 /* 内存管理.app */,
			);
			name = Products;
			sourceTree = "<group>";
		};
		B95B19B32638EEA900EE6572 /* 内存管理 */ = {
			isa = PBXGroup;
			children = (
				B95B19B42638EEA900EE6572 /* AppDelegate.h */,
				B95B19B52638EEA900EE6572 /* AppDelegate.m */,
				B95B19B72638EEA900EE6572 /* SceneDelegate.h */,
				B95B19B82638EEA900EE6572 /* SceneDelegate.m */,
				B95B19BA2638EEA900EE6572 /* ViewController.h */,
				B95B19BB2638EEA900EE6572 /* ViewController.m */,
				B95B19BD2638EEA900EE6572 /* Main.storyboard */,
				B95B19C02638EEAB00EE6572 /* Assets.xcassets */,
				B95B19C22638EEAB00EE6572 /* LaunchScreen.storyboard */,
				B95B19C52638EEAB00EE6572 /* Info.plist */,
				B95B19C62638EEAB00EE6572 /* main.m */,
			);
			path = "内存管理";
			sourceTree = "<group>";
		};
/* End PBXGroup section */

/* Begin PBXNativeTarget section */
		B95B19B02638EEA900EE6572 /* 内存管理 */ = {
			isa = PBXNativeTarget;
			buildConfigurationList = B95B19CA2638EEAB00EE6572 /* Build configuration list for PBXNativeTarget "内存管理" */;
			buildPhases = (
				B95B19AD2638EEA900EE6572 /* Sources */,
				B95B19AE2638EEA900EE6572 /* Frameworks */,
				B95B19AF2638EEA900EE6572 /* Resources */,
			);
			buildRules = (
			);
			dependencies = (
			);
			name = "内存管理";
			productName = "内存管理";
			productReference = B95B19B12638EEA900EE6572 /* 内存管理.app */;
			productType = "com.apple.product-type.application";
		};
/* End PBXNativeTarget section */

/* Begin PBXProject section */
		B95B19A92638EEA900EE6572 /* Project object */ = {
			isa = PBXProject;
			attributes = {
				LastUpgradeCheck = 1250;
				TargetAttributes = {
					B95B19B02638EEA900EE6572 = {
						CreatedOnToolsVersion = 12.5;
					};
				};
			};
			buildConfigurationList = B95B19AC2638EEA900EE6572 /* Build configuration list for PBXProject "内存管理" */;
			compatibilityVersion = "Xcode 9.3";
			developmentRegion = en;
			hasScannedForEncodings = 0;
			knownRegions = (
				en,
				Base,
			);
			mainGroup = B95B19A82638EEA900EE6572;
			productRefGroup = B95B19B22638EEA900EE6572 /* Products */;
			projectDirPath = "";
			projectRoot = "";
			targets = (
				B95B19B02638EEA900EE6572 /* 内存管理 */,
			);
		};
/* End PBXProject section */

/* Begin PBXResourcesBuildPhase section */
		B95B19AF2638EEA900EE6572 /* Resources */ = {
			isa = PBXResourcesBuildPhase;
			buildActionMask = 2147483647;
			files = (
				B95B19C42638EEAB00EE6572 /* LaunchScreen.storyboard in Resources */,
				B95B19C12638EEAB00EE6572 /* Assets.xcassets in Resources */,
				B95B19BF2638EEA900EE6572 /* Main.storyboard in Resources */,
			);
			runOnlyForDeploymentPostprocessing = 0;
		};
/* End PBXResourcesBuildPhase section */

/* Begin PBXSourcesBuildPhase section */
		B95B19AD2638EEA900EE6572 /* Sources */ = {
			isa = PBXSourcesBuildPhase;
			buildActionMask = 2147483647;
			files = (
				B95B19BC2638EEA900EE6572 /* ViewController.m in Sources */,
				B95B19B62638EEA900EE6572 /* AppDelegate.m in Sources */,
				B95B19C72638EEAB00EE6572 /* main.m in Sources */,
				B95B19B92638EEA900EE6572 /* SceneDelegate.m in Sources */,
			);
			runOnlyForDeploymentPostprocessing = 0;
		};
/* End PBXSourcesBuildPhase section */

/* Begin PBXVariantGroup section */
		B95B19BD2638EEA900EE6572 /* Main.storyboard */ = {
			isa = PBXVariantGroup;
			children = (
				B95B19BE2638EEA900EE6572 /* Base */,
			);
			name = Main.storyboard;
			sourceTree = "<group>";
		};
		B95B19C22638EEAB00EE6572 /* LaunchScreen.storyboard */ = {
			isa = PBXVariantGroup;
			children = (
				B95B19C32638EEAB00EE6572 /* Base */,
			);
			name = LaunchScreen.storyboard;
			sourceTree = "<group>";
		};
/* End PBXVariantGroup section */

/* Begin XCBuildConfiguration section */
		B95B19C82638EEAB00EE6572 /* Debug */ = {
			isa = XCBuildConfiguration;
			buildSettings = {
				ALWAYS_SEARCH_USER_PATHS = NO;
				CLANG_ANALYZER_NONNULL = YES;
				CLANG_ANALYZER_NUMBER_OBJECT_CONVERSION = YES_AGGRESSIVE;
				CLANG_CXX_LANGUAGE_STANDARD = "gnu++14";
				CLANG_CXX_LIBRARY = "libc++";
				CLANG_ENABLE_MODULES = YES;
				CLANG_ENABLE_OBJC_ARC = YES;
				CLANG_ENABLE_OBJC_WEAK = YES;
				CLANG_WARN_BLOCK_CAPTURE_AUTORELEASING = YES;
				CLANG_WARN_BOOL_CONVERSION = YES;
				CLANG_WARN_COMMA = YES;
				CLANG_WARN_CONSTANT_CONVERSION = YES;
				CLANG_WARN_DEPRECATED_OBJC_IMPLEMENTATIONS = YES;
				CLANG_WARN_DIRECT_OBJC_ISA_USAGE = YES_ERROR;
				CLANG_WARN_DOCUMENTATION_COMMENTS = YES;
				CLANG_WARN_EMPTY_BODY = YES;
				CLANG_WARN_ENUM_CONVERSION = YES;
				CLANG_WARN_INFINITE_RECURSION = YES;
				CLANG_WARN_INT_CONVERSION = YES;
				CLANG_WARN_NON_LITERAL_NULL_CONVERSION = YES;
				CLANG_WARN_OBJC_IMPLICIT_RETAIN_SELF = YES;
				CLANG_WARN_OBJC_LITERAL_CONVERSION = YES;
				CLANG_WARN_OBJC_ROOT_CLASS = YES_ERROR;
				CLANG_WARN_QUOTED_INCLUDE_IN_FRAMEWORK_HEADER = YES;
				CLANG_WARN_RANGE_LOOP_ANALYSIS = YES;
				CLANG_WARN_STRICT_PROTOTYPES = YES;
				CLANG_WARN_SUSPICIOUS_MOVE = YES;
				CLANG_WARN_UNGUARDED_AVAILABILITY = YES_AGGRESSIVE;
				CLANG_WARN_UNREACHABLE_CODE = YES;
				CLANG_WARN__DUPLICATE_METHOD_MATCH = YES;
				COPY_PHASE_STRIP = NO;
				DEBUG_INFORMATION_FORMAT = dwarf;
				ENABLE_STRICT_OBJC_MSGSEND = YES;
				ENABLE_TESTABILITY = YES;
				GCC_C_LANGUAGE_STANDARD = gnu11;
				GCC_DYNAMIC_NO_PIC = NO;
				GCC_NO_COMMON_BLOCKS = YES;
				GCC_OPTIMIZATION_LEVEL = 0;
				GCC_PREPROCESSOR_DEFINITIONS = (
					"DEBUG=1",
					"$(inherited)",
				);
				GCC_WARN_64_TO_32_BIT_CONVERSION = YES;
				GCC_WARN_ABOUT_RETURN_TYPE = YES_ERROR;
				GCC_WARN_UNDECLARED_SELECTOR = YES;
				GCC_WARN_UNINITIALIZED_AUTOS = YES_AGGRESSIVE;
				GCC_WARN_UNUSED_FUNCTION = YES;
				GCC_WARN_UNUSED_VARIABLE = YES;
				IPHONEOS_DEPLOYMENT_TARGET = 14.5;
				MTL_ENABLE_DEBUG_INFO = INCLUDE_SOURCE;
				MTL_FAST_MATH = YES;
				ONLY_ACTIVE_ARCH = YES;
				SDKROOT = iphoneos;
			};
			name = Debug;
		};
		B95B19C92638EEAB00EE6572 /* Release */ = {
			isa = XCBuildConfiguration;
			buildSettings = {
				ALWAYS_SEARCH_USER_PATHS = NO;
				CLANG_ANALYZER_NONNULL = YES;
				CLANG_ANALYZER_NUMBER_OBJECT_CONVERSION = YES_AGGRESSIVE;
				CLANG_CXX_LANGUAGE_STANDARD = "gnu++14";
				CLANG_CXX_LIBRARY = "libc++";
				CLANG_ENABLE_MODULES = YES;
				CLANG_ENABLE_OBJC_ARC = YES;
				CLANG_ENABLE_OBJC_WEAK = YES;
				CLANG_WARN_BLOCK_CAPTURE_AUTORELEASING = YES;
				CLANG_WARN_BOOL_CONVERSION = YES;
				CLANG_WARN_COMMA = YES;
				CLANG_WARN_CONSTANT_CONVERSION = YES;
				CLANG_WARN_DEPRECATED_OBJC_IMPLEMENTATIONS = YES;
				CLANG_WARN_DIRECT_OBJC_ISA_USAGE = YES_ERROR;
				CLANG_WARN_DOCUMENTATION_COMMENTS = YES;
				CLANG_WARN_EMPTY_BODY = YES;
				CLANG_WARN_ENUM_CONVERSION = YES;
				CLANG_WARN_INFINITE_RECURSION = YES;
				CLANG_WARN_INT_CONVERSION = YES;
				CLANG_WARN_NON_LITERAL_NULL_CONVERSION = YES;
				CLANG_WARN_OBJC_IMPLICIT_RETAIN_SELF = YES;
				CLANG_WARN_OBJC_LITERAL_CONVERSION = YES;
				CLANG_WARN_OBJC_ROOT_CLASS = YES_ERROR;
				CLANG_WARN_QUOTED_INCLUDE_IN_FRAMEWORK_HEADER = YES;
				CLANG_WARN_RANGE_LOOP_ANALYSIS = YES;
				CLANG_WARN_STRICT_PROTOTYPES = YES;
				CLANG_WARN_SUSPICIOUS_MOVE = YES;
				CLANG_WARN_UNGUARDED_AVAILABILITY = YES_AGGRESSIVE;
				CLANG_WARN_UNREACHABLE_CODE = YES;
				CLANG_WARN__DUPLICATE_METHOD_MATCH = YES;
				COPY_PHASE_STRIP = NO;
				DEBUG_INFORMATION_FORMAT = "dwarf-with-dsym";
				ENABLE_NS_ASSERTIONS = NO;
				ENABLE_STRICT_OBJC_MSGSEND = YES;
				GCC_C_LANGUAGE_STANDARD = gnu11;
				GCC_NO_COMMON_BLOCKS = YES;
				GCC_WARN_64_TO_32_BIT_CONVERSION = YES;
				GCC_WARN_ABOUT_RETURN_TYPE = YES_ERROR;
				GCC_WARN_UNDECLARED_SELECTOR = YES;
				GCC_WARN_UNINITIALIZED_AUTOS = YES_AGGRESSIVE;
				GCC_WARN_UNUSED_FUNCTION = YES;
				GCC_WARN_UNUSED_VARIABLE = YES;
				IPHONEOS_DEPLOYMENT_TARGET = 14.5;
				MTL_ENABLE_DEBUG_INFO = NO;
				MTL_FAST_MATH = YES;
				SDKROOT = iphoneos;
				VALIDATE_PRODUCT = YES;
			};
			name = Release;
		};
		B95B19CB2638EEAB00EE6572 /* Debug */ = {
			isa = XCBuildConfiguration;
			buildSettings = {
				ASSETCATALOG_COMPILER_APPICON_NAME = AppIcon;
				ASSETCATALOG_COMPILER_GLOBAL_ACCENT_COLOR_NAME = AccentColor;
				CODE_SIGN_STYLE = Automatic;
				DEVELOPMENT_TEAM = ACA6AGYV2X;
				INFOPLIST_FILE = "内存管理/Info.plist";
				IPHONEOS_DEPLOYMENT_TARGET = 12.1;
				LD_RUNPATH_SEARCH_PATHS = (
					"$(inherited)",
					"@executable_path/Frameworks",
				);
				PRODUCT_BUNDLE_IDENTIFIER = "com.company.payhalf.----";
				PRODUCT_NAME = "$(TARGET_NAME)";
				TARGETED_DEVICE_FAMILY = 1;
			};
			name = Debug;
		};
		B95B19CC2638EEAB00EE6572 /* Release */ = {
			isa = XCBuildConfiguration;
			buildSettings = {
				ASSETCATALOG_COMPILER_APPICON_NAME = AppIcon;
				ASSETCATALOG_COMPILER_GLOBAL_ACCENT_COLOR_NAME = AccentColor;
				CODE_SIGN_STYLE = Automatic;
				DEVELOPMENT_TEAM = ACA6AGYV2X;
				INFOPLIST_FILE = "内存管理/Info.plist";
				IPHONEOS_DEPLOYMENT_TARGET = 12.1;
				LD_RUNPATH_SEARCH_PATHS = (
					"$(inherited)",
					"@executable_path/Frameworks",
				);
				PRODUCT_BUNDLE_IDENTIFIER = "com.company.payhalf.----";
				PRODUCT_NAME = "$(TARGET_NAME)";
				TARGETED_DEVICE_FAMILY = 1;
			};
			name = Release;
		};
/* End XCBuildConfiguration section */

/* Begin XCConfigurationList section */
		B95B19AC2638EEA900EE6572 /* Build configuration list for PBXProject "内存管理" */ = {
			isa = XCConfigurationList;
			buildConfigurations = (
				B95B19C82638EEAB00EE6572 /* Debug */,
				B95B19C92638EEAB00EE6572 /* Release */,
			);
			defaultConfigurationIsVisible = 0;
			defaultConfigurationName = Release;
		};
		B95B19CA2638EEAB00EE6572 /* Build configuration list for PBXNativeTarget "内存管理" */ = {
			isa = XCConfigurationList;
			buildConfigurations = (
				B95B19CB2638EEAB00EE6572 /* Debug */,
				B95B19CC2638EEAB00EE6572 /* Release */,
			);
			defaultConfigurationIsVisible = 0;
			defaultConfigurationName = Release;
		};
/* End XCConfigurationList section */
	};
	rootObject = B95B19A92638EEA900EE6572 /* Project object */;
}
